{
    "name": "brig.gs",
    "version": "1.0.0",
    "lockfileVersion": 3,
    "requires": true,
    "packages": {
        "": {
            "name": "brig.gs",
            "version": "1.0.0",
            "devDependencies": {
                "@cloudflare/workers-types": "^5.0.0",
                "typescript": "^6.0.0"
            }
        },
        "node_modules/@cloudflare/workers-types": {
            "version": "5.20260731.1",
            "resolved": "https://registry.npmjs.org/@cloudflare/workers-types/-/workers-types-5.20260731.1.tgz",
            "integrity": "sha512-ly+eua642FCR2nbQGi/OxqlVaJI3fNdyqK7G4u6jWCAZ4WYhOBvZWyf0M7s5zurWbNQW3YjelOxuKqR0zYK90w==",
            "dev": true,
            "license": "MIT OR Apache-2.0"
        },
        "node_modules/typescript": {
            "version": "6.0.3",
            "resolved": "https://registry.npmjs.org/typescript/-/typescript-6.0.3.tgz",
            "integrity": "sha512-y2TvuxSZPDyQakkFRPZHKFm+KKVqIisdg9/CZwm9ftvKXLP8NRWj38/ODjNbr43SsoXqNuAisEf1GdCxqWcdBw==",
            "dev": true,
            "license": "Apache-2.0",
            "bin": {
                "tsc": "bin/tsc",
                "tsserver": "bin/tsserver"
            },
            "engines": {
                "node": ">=14.17"
            }
        }
    }
}
